
Microsoft Visual Studio Solution File, Format Version 12.00
# Visual Studio Version 16
VisualStudioVersion = 16.0.32802.440
MinimumVisualStudioVersion = 10.0.40219.1
Project("{FAE04EC0-301F-11D3-BF4B-00C04F79EFBC}") = "bytebank", "bytebank\bytebank.csproj", "{BE9CEE2C-35AD-4D68-AE25-D1B168BC57B8}"
EndProject
Global
	GlobalSection(SolutionConfigurationPlatforms) = preSolution
		Debug|Any CPU = Debug|Any CPU
		Release|Any CPU = Release|Any CPU
	EndGlobalSection
	GlobalSection(ProjectConfigurationPlatforms) = postSolution
		{BE9CEE2C-35AD-4D68-AE25-D1B168BC57B8}.Debug|Any CPU.ActiveCfg = Debug|Any CPU
		{BE9CEE2C-35AD-4D68-AE25-D1B168BC57B8}.Debug|Any CPU.Build.0 = Debug|Any CPU
		{BE9CEE2C-35AD-4D68-AE25-D1B168BC57B8}.Release|Any CPU.ActiveCfg = Release|Any CPU
		{BE9CEE2C-35AD-4D68-AE25-D1B168BC57B8}.Release|Any CPU.Build.0 = Release|Any CPU
	EndGlobalSection
	GlobalSection(SolutionProperties) = preSolution
		HideSolutionNode = FALSE
	EndGlobalSection
	GlobalSection(ExtensibilityGlobals) = postSolution
		SolutionGuid = {7A920DB7-01CA-4894-9DD2-410A0C678279}
	EndGlobalSection
EndGlobal
