
Microsoft Visual Studio Solution File, Format Version 12.00
# Visual Studio Version 16
VisualStudioVersion = 16.0.31129.286
MinimumVisualStudioVersion = 10.0.40219.1
Project("{FAE04EC0-301F-11D3-BF4B-00C04F79EFBC}") = "ByteBank", "ByteBank\ByteBank.csproj", "{C26233B5-459D-4401-8AB4-131704B8BA3C}"
EndProject
Global
	GlobalSection(SolutionConfigurationPlatforms) = preSolution
		Debug|Any CPU = Debug|Any CPU
		Release|Any CPU = Release|Any CPU
	EndGlobalSection
	GlobalSection(ProjectConfigurationPlatforms) = postSolution
		{C26233B5-459D-4401-8AB4-131704B8BA3C}.Debug|Any CPU.ActiveCfg = Debug|Any CPU
		{C26233B5-459D-4401-8AB4-131704B8BA3C}.Debug|Any CPU.Build.0 = Debug|Any CPU
		{C26233B5-459D-4401-8AB4-131704B8BA3C}.Release|Any CPU.ActiveCfg = Release|Any CPU
		{C26233B5-459D-4401-8AB4-131704B8BA3C}.Release|Any CPU.Build.0 = Release|Any CPU
	EndGlobalSection
	GlobalSection(SolutionProperties) = preSolution
		HideSolutionNode = FALSE
	EndGlobalSection
	GlobalSection(ExtensibilityGlobals) = postSolution
		SolutionGuid = {79FB4E96-81EB-4CAB-BA8D-EFEDD1EF4282}
	EndGlobalSection
EndGlobal
