
Microsoft Visual Studio Solution File, Format Version 12.00
# Visual Studio Version 16
VisualStudioVersion = 16.0.31129.286
MinimumVisualStudioVersion = 10.0.40219.1
Project("{FAE04EC0-301F-11D3-BF4B-00C04F79EFBC}") = "CursoWindowsForms", "CursoWindowsForms\CursoWindowsForms.csproj", "{7996FB09-D4F3-45EB-B573-CA927F529756}"
EndProject
Global
	GlobalSection(SolutionConfigurationPlatforms) = preSolution
		Debug|Any CPU = Debug|Any CPU
		Release|Any CPU = Release|Any CPU
	EndGlobalSection
	GlobalSection(ProjectConfigurationPlatforms) = postSolution
		{7996FB09-D4F3-45EB-B573-CA927F529756}.Debug|Any CPU.ActiveCfg = Debug|Any CPU
		{7996FB09-D4F3-45EB-B573-CA927F529756}.Debug|Any CPU.Build.0 = Debug|Any CPU
		{7996FB09-D4F3-45EB-B573-CA927F529756}.Release|Any CPU.ActiveCfg = Release|Any CPU
		{7996FB09-D4F3-45EB-B573-CA927F529756}.Release|Any CPU.Build.0 = Release|Any CPU
	EndGlobalSection
	GlobalSection(SolutionProperties) = preSolution
		HideSolutionNode = FALSE
	EndGlobalSection
	GlobalSection(ExtensibilityGlobals) = postSolution
		SolutionGuid = {27FFD3EB-39C6-499E-9559-04E90901AAF1}
	EndGlobalSection
EndGlobal
