
Microsoft Visual Studio Solution File, Format Version 12.00
# Visual Studio Version 16
VisualStudioVersion = 16.0.31129.286
MinimumVisualStudioVersion = 10.0.40219.1
Project("{9A19103F-16F7-4668-BE54-9A1E7A4F7556}") = "1-PrimeiroProjeto", "1-PrimeiroProjeto.csproj", "{F8837875-1D67-40E3-AB06-C94CD95F7056}"
EndProject
Project("{9A19103F-16F7-4668-BE54-9A1E7A4F7556}") = "2-CriandoVariaveis", "..\..\2-CriandoVariaveis\2-CriandoVariaveis.csproj", "{46F18B15-B177-4501-95E5-436EBCD0C41D}"
EndProject
Project("{9A19103F-16F7-4668-BE54-9A1E7A4F7556}") = "3-CriandoVariaveisPontoFlutuante", "..\..\3-CriandoVariaveisPontoFlutuante\3-CriandoVariaveisPontoFlutuante.csproj", "{687E89CE-B6A8-4874-8F02-DEE1C26A7C92}"
EndProject
Project("{9A19103F-16F7-4668-BE54-9A1E7A4F7556}") = "4-ConversoesEOutrosTiposNumericos", "..\..\4-ConversoesEOutrosTiposNumericos\4-ConversoesEOutrosTiposNumericos.csproj", "{7EE389B1-E1DF-4277-BE5F-F90423D5220B}"
EndProject
Project("{9A19103F-16F7-4668-BE54-9A1E7A4F7556}") = "5-CaracteresETexto", "..\..\5-CaracteresETexto\5-CaracteresETexto.csproj", "{FC8A4520-13FA-4668-ADC0-08A0B78E14C4}"
EndProject
Project("{9A19103F-16F7-4668-BE54-9A1E7A4F7556}") = "6-TesteIR", "..\..\6-TesteIR\6-TesteIR.csproj", "{13E141E4-E3D0-4543-B000-545820CC2E72}"
EndProject
Project("{9A19103F-16F7-4668-BE54-9A1E7A4F7556}") = "P10-CalculaPoupanca", "..\..\P10-CalculaPoupanca\P10-CalculaPoupanca.csproj", "{2FDB89E5-57DE-432B-9859-18113C7081EC}"
EndProject
Project("{9A19103F-16F7-4668-BE54-9A1E7A4F7556}") = "P-11-forencadeado", "..\..\P-11-forencadeado\P-11-forencadeado.csproj", "{EF05E300-7736-4D59-8835-0F18568E84E2}"
EndProject
Project("{FAE04EC0-301F-11D3-BF4B-00C04F79EFBC}") = "LaçosDeRepeticoes", "..\..\LaçosDeRepeticoes\LaçosDeRepeticoes.csproj", "{92D8518C-99EF-42F6-9975-E6514109E8A9}"
EndProject
Global
	GlobalSection(SolutionConfigurationPlatforms) = preSolution
		Debug|Any CPU = Debug|Any CPU
		Release|Any CPU = Release|Any CPU
	EndGlobalSection
	GlobalSection(ProjectConfigurationPlatforms) = postSolution
		{F8837875-1D67-40E3-AB06-C94CD95F7056}.Debug|Any CPU.ActiveCfg = Debug|Any CPU
		{F8837875-1D67-40E3-AB06-C94CD95F7056}.Debug|Any CPU.Build.0 = Debug|Any CPU
		{F8837875-1D67-40E3-AB06-C94CD95F7056}.Release|Any CPU.ActiveCfg = Release|Any CPU
		{F8837875-1D67-40E3-AB06-C94CD95F7056}.Release|Any CPU.Build.0 = Release|Any CPU
		{46F18B15-B177-4501-95E5-436EBCD0C41D}.Debug|Any CPU.ActiveCfg = Debug|Any CPU
		{46F18B15-B177-4501-95E5-436EBCD0C41D}.Debug|Any CPU.Build.0 = Debug|Any CPU
		{46F18B15-B177-4501-95E5-436EBCD0C41D}.Release|Any CPU.ActiveCfg = Release|Any CPU
		{46F18B15-B177-4501-95E5-436EBCD0C41D}.Release|Any CPU.Build.0 = Release|Any CPU
		{687E89CE-B6A8-4874-8F02-DEE1C26A7C92}.Debug|Any CPU.ActiveCfg = Debug|Any CPU
		{687E89CE-B6A8-4874-8F02-DEE1C26A7C92}.Debug|Any CPU.Build.0 = Debug|Any CPU
		{687E89CE-B6A8-4874-8F02-DEE1C26A7C92}.Release|Any CPU.ActiveCfg = Release|Any CPU
		{687E89CE-B6A8-4874-8F02-DEE1C26A7C92}.Release|Any CPU.Build.0 = Release|Any CPU
		{7EE389B1-E1DF-4277-BE5F-F90423D5220B}.Debug|Any CPU.ActiveCfg = Debug|Any CPU
		{7EE389B1-E1DF-4277-BE5F-F90423D5220B}.Debug|Any CPU.Build.0 = Debug|Any CPU
		{7EE389B1-E1DF-4277-BE5F-F90423D5220B}.Release|Any CPU.ActiveCfg = Release|Any CPU
		{7EE389B1-E1DF-4277-BE5F-F90423D5220B}.Release|Any CPU.Build.0 = Release|Any CPU
		{FC8A4520-13FA-4668-ADC0-08A0B78E14C4}.Debug|Any CPU.ActiveCfg = Debug|Any CPU
		{FC8A4520-13FA-4668-ADC0-08A0B78E14C4}.Debug|Any CPU.Build.0 = Debug|Any CPU
		{FC8A4520-13FA-4668-ADC0-08A0B78E14C4}.Release|Any CPU.ActiveCfg = Release|Any CPU
		{FC8A4520-13FA-4668-ADC0-08A0B78E14C4}.Release|Any CPU.Build.0 = Release|Any CPU
		{13E141E4-E3D0-4543-B000-545820CC2E72}.Debug|Any CPU.ActiveCfg = Debug|Any CPU
		{13E141E4-E3D0-4543-B000-545820CC2E72}.Debug|Any CPU.Build.0 = Debug|Any CPU
		{13E141E4-E3D0-4543-B000-545820CC2E72}.Release|Any CPU.ActiveCfg = Release|Any CPU
		{13E141E4-E3D0-4543-B000-545820CC2E72}.Release|Any CPU.Build.0 = Release|Any CPU
		{2FDB89E5-57DE-432B-9859-18113C7081EC}.Debug|Any CPU.ActiveCfg = Debug|Any CPU
		{2FDB89E5-57DE-432B-9859-18113C7081EC}.Debug|Any CPU.Build.0 = Debug|Any CPU
		{2FDB89E5-57DE-432B-9859-18113C7081EC}.Release|Any CPU.ActiveCfg = Release|Any CPU
		{2FDB89E5-57DE-432B-9859-18113C7081EC}.Release|Any CPU.Build.0 = Release|Any CPU
		{EF05E300-7736-4D59-8835-0F18568E84E2}.Debug|Any CPU.ActiveCfg = Debug|Any CPU
		{EF05E300-7736-4D59-8835-0F18568E84E2}.Debug|Any CPU.Build.0 = Debug|Any CPU
		{EF05E300-7736-4D59-8835-0F18568E84E2}.Release|Any CPU.ActiveCfg = Release|Any CPU
		{EF05E300-7736-4D59-8835-0F18568E84E2}.Release|Any CPU.Build.0 = Release|Any CPU
		{92D8518C-99EF-42F6-9975-E6514109E8A9}.Debug|Any CPU.ActiveCfg = Debug|Any CPU
		{92D8518C-99EF-42F6-9975-E6514109E8A9}.Debug|Any CPU.Build.0 = Debug|Any CPU
		{92D8518C-99EF-42F6-9975-E6514109E8A9}.Release|Any CPU.ActiveCfg = Release|Any CPU
		{92D8518C-99EF-42F6-9975-E6514109E8A9}.Release|Any CPU.Build.0 = Release|Any CPU
	EndGlobalSection
	GlobalSection(SolutionProperties) = preSolution
		HideSolutionNode = FALSE
	EndGlobalSection
	GlobalSection(ExtensibilityGlobals) = postSolution
		SolutionGuid = {2433D165-ACC8-4007-A562-29E1CB740236}
	EndGlobalSection
EndGlobal
